﻿
Microsoft Visual Studio Solution File, Format Version 12.00
# Visual Studio 2017
Project("{FAE04EC0-301F-11D3-BF4B-00C04F79EFBC}") = "The-Chimera-of-Gold", "The-Chimera-of-Gold.csproj", "{F963297A-23E3-4EE4-09F9-1F8536DFDEA4}"
EndProject
Global
	GlobalSection(SolutionConfigurationPlatforms) = preSolution
		Debug|Any CPU = Debug|Any CPU
		Release|Any CPU = Release|Any CPU
	EndGlobalSection
	GlobalSection(ProjectConfigurationPlatforms) = postSolution
		{F963297A-23E3-4EE4-09F9-1F8536DFDEA4}.Debug|Any CPU.ActiveCfg = Debug|Any CPU
		{F963297A-23E3-4EE4-09F9-1F8536DFDEA4}.Debug|Any CPU.Build.0 = Debug|Any CPU
		{F963297A-23E3-4EE4-09F9-1F8536DFDEA4}.Release|Any CPU.ActiveCfg = Release|Any CPU
		{F963297A-23E3-4EE4-09F9-1F8536DFDEA4}.Release|Any CPU.Build.0 = Release|Any CPU
	EndGlobalSection
	GlobalSection(SolutionProperties) = preSolution
		HideSolutionNode = FALSE
	EndGlobalSection
EndGlobal